// !$*UTF8*$!
{
	archiveVersion = 1;
	classes = {
	};
	objectVersion = 56;
	objects = {

/* Begin PBXBuildFile section */
		9D07CB212C624FB500DAA2AA /* EdTechStorypointsApp.swift in Sources */ = {isa = PBXBuildFile; fileRef = 9D07CB202C624FB500DAA2AA /* EdTechStorypointsApp.swift */; };
		9D07CB232C624FB500DAA2AA /* RootTabBar.swift in Sources */ = {isa = PBXBuildFile; fileRef = 9D07CB222C624FB500DAA2AA /* RootTabBar.swift */; };
		9D07CB252C624FB700DAA2AA /* Assets.xcassets in Resources */ = {isa = PBXBuildFile; fileRef = 9D07CB242C624FB700DAA2AA /* Assets.xcassets */; };
		9D07CB282C624FB700DAA2AA /* Preview Assets.xcassets in Resources */ = {isa = PBXBuildFile; fileRef = 9D07CB272C624FB700DAA2AA /* Preview Assets.xcassets */; };
		9D07CB2F2C62510100DAA2AA /* PreloaderScreen.swift in Sources */ = {isa = PBXBuildFile; fileRef = 9D07CB2E2C62510100DAA2AA /* PreloaderScreen.swift */; };
		9D07CB322C62511B00DAA2AA /* Lottie in Frameworks */ = {isa = PBXBuildFile; productRef = 9D07CB312C62511B00DAA2AA /* Lottie */; };
		9D07CB342C62513800DAA2AA /* LottieView.swift in Sources */ = {isa = PBXBuildFile; fileRef = 9D07CB332C62513800DAA2AA /* LottieView.swift */; };
		9D07CB382C625A7E00DAA2AA /* OnboardingView.swift in Sources */ = {isa = PBXBuildFile; fileRef = 9D07CB372C625A7E00DAA2AA /* OnboardingView.swift */; };
		9D07CB3B2C62DE3B00DAA2AA /* OnboardingScreenTwo.swift in Sources */ = {isa = PBXBuildFile; fileRef = 9D07CB3A2C62DE3B00DAA2AA /* OnboardingScreenTwo.swift */; };
		9D07CB3D2C636D4700DAA2AA /* NavLinkButtonStyle.swift in Sources */ = {isa = PBXBuildFile; fileRef = 9D07CB3C2C636D4700DAA2AA /* NavLinkButtonStyle.swift */; };
		9D2A31782C6F5C8E005E36DE /* QuizScreen.swift in Sources */ = {isa = PBXBuildFile; fileRef = 9D2A31772C6F5C8E005E36DE /* QuizScreen.swift */; };
		9D2A317A2C6F6110005E36DE /* FindPairScreen.swift in Sources */ = {isa = PBXBuildFile; fileRef = 9D2A31792C6F6110005E36DE /* FindPairScreen.swift */; };
		9D2C71C52C6642C800651745 /* RatingScreen.swift in Sources */ = {isa = PBXBuildFile; fileRef = 9D2C71C42C6642C800651745 /* RatingScreen.swift */; };
		9D2C71C72C66432100651745 /* HistorycalLibraryScreen.swift in Sources */ = {isa = PBXBuildFile; fileRef = 9D2C71C62C66432100651745 /* HistorycalLibraryScreen.swift */; };
		9D2C71C92C6643A000651745 /* LastHistoryNewsScreen.swift in Sources */ = {isa = PBXBuildFile; fileRef = 9D2C71C82C6643A000651745 /* LastHistoryNewsScreen.swift */; };
		9D2C71CB2C6644C900651745 /* AppleWatchConnectivityView.swift in Sources */ = {isa = PBXBuildFile; fileRef = 9D2C71CA2C6644C900651745 /* AppleWatchConnectivityView.swift */; };
		9D2C71CD2C66467A00651745 /* GameScreen.swift in Sources */ = {isa = PBXBuildFile; fileRef = 9D2C71CC2C66467A00651745 /* GameScreen.swift */; };
		9D2C71CF2C66495C00651745 /* AffermationView.swift in Sources */ = {isa = PBXBuildFile; fileRef = 9D2C71CE2C66495C00651745 /* AffermationView.swift */; };
		9D2C71D12C6649D500651745 /* ARScreen.swift in Sources */ = {isa = PBXBuildFile; fileRef = 9D2C71D02C6649D500651745 /* ARScreen.swift */; };
		9D2C71D32C66625400651745 /* NavigationBarModifier.swift in Sources */ = {isa = PBXBuildFile; fileRef = 9D2C71D22C66625400651745 /* NavigationBarModifier.swift */; };
		9D2C71D72C66A52500651745 /* Bosel-Mausoleum.usdz in Resources */ = {isa = PBXBuildFile; fileRef = 9D2C71D62C66A52500651745 /* Bosel-Mausoleum.usdz */; };
		9D2C71D92C6764AB00651745 /* gramophone.usdz in Resources */ = {isa = PBXBuildFile; fileRef = 9D2C71D82C6764AB00651745 /* gramophone.usdz */; };
		9D6DE38F2C6B58FC00DFC26B /* StartGameScreen.swift in Sources */ = {isa = PBXBuildFile; fileRef = 9D6DE38E2C6B58FC00DFC26B /* StartGameScreen.swift */; };
		9D6DE3932C6B803E00DFC26B /* Preloader.json in Resources */ = {isa = PBXBuildFile; fileRef = 9D6DE3922C6B803E00DFC26B /* Preloader.json */; };
		9D6DE3952C6B836D00DFC26B /* ArenaScreen.swift in Sources */ = {isa = PBXBuildFile; fileRef = 9D6DE3942C6B836D00DFC26B /* ArenaScreen.swift */; };
		9D6F72D92C6A494700C35EDE /* UserProfileScreen.swift in Sources */ = {isa = PBXBuildFile; fileRef = 9D6F72D82C6A494700C35EDE /* UserProfileScreen.swift */; };
		9D76E0812C6F19A4004527B3 /* CheckAnimationBTN.swift in Sources */ = {isa = PBXBuildFile; fileRef = 9D76E0802C6F19A4004527B3 /* CheckAnimationBTN.swift */; };
		9D77AE3C2C6AB95800B99DEE /* MulticolorGradient in Frameworks */ = {isa = PBXBuildFile; productRef = 9D77AE3B2C6AB95800B99DEE /* MulticolorGradient */; };
		9D77AE3E2C6AB98500B99DEE /* BlueBackgroundAnimatedGradient.swift in Sources */ = {isa = PBXBuildFile; fileRef = 9D77AE3D2C6AB98500B99DEE /* BlueBackgroundAnimatedGradient.swift */; };
		9D7DCEC82C6E84BF005FE5D5 /* QuizView.swift in Sources */ = {isa = PBXBuildFile; fileRef = 9D7DCEC72C6E84BF005FE5D5 /* QuizView.swift */; };
		9DE881DA2C6CDFD700BCBF88 /* GameNewsScreen.swift in Sources */ = {isa = PBXBuildFile; fileRef = 9DE881D92C6CDFD700BCBF88 /* GameNewsScreen.swift */; };
/* End PBXBuildFile section */

/* Begin PBXFileReference section */
		9D07CB1D2C624FB500DAA2AA /* EdTechStorypoints.app */ = {isa = PBXFileReference; explicitFileType = wrapper.application; includeInIndex = 0; path = EdTechStorypoints.app; sourceTree = BUILT_PRODUCTS_DIR; };
		9D07CB202C624FB500DAA2AA /* EdTechStorypointsApp.swift */ = {isa = PBXFileReference; lastKnownFileType = sourcecode.swift; path = EdTechStorypointsApp.swift; sourceTree = "<group>"; };
		9D07CB222C624FB500DAA2AA /* RootTabBar.swift */ = {isa = PBXFileReference; lastKnownFileType = sourcecode.swift; path = RootTabBar.swift; sourceTree = "<group>"; };
		9D07CB242C624FB700DAA2AA /* Assets.xcassets */ = {isa = PBXFileReference; lastKnownFileType = folder.assetcatalog; path = Assets.xcassets; sourceTree = "<group>"; };
		9D07CB272C624FB700DAA2AA /* Preview Assets.xcassets */ = {isa = PBXFileReference; lastKnownFileType = folder.assetcatalog; path = "Preview Assets.xcassets"; sourceTree = "<group>"; };
		9D07CB2E2C62510100DAA2AA /* PreloaderScreen.swift */ = {isa = PBXFileReference; lastKnownFileType = sourcecode.swift; path = PreloaderScreen.swift; sourceTree = "<group>"; };
		9D07CB332C62513800DAA2AA /* LottieView.swift */ = {isa = PBXFileReference; lastKnownFileType = sourcecode.swift; path = LottieView.swift; sourceTree = "<group>"; };
		9D07CB372C625A7E00DAA2AA /* OnboardingView.swift */ = {isa = PBXFileReference; lastKnownFileType = sourcecode.swift; path = OnboardingView.swift; sourceTree = "<group>"; };
		9D07CB3A2C62DE3B00DAA2AA /* OnboardingScreenTwo.swift */ = {isa = PBXFileReference; lastKnownFileType = sourcecode.swift; path = OnboardingScreenTwo.swift; sourceTree = "<group>"; };
		9D07CB3C2C636D4700DAA2AA /* NavLinkButtonStyle.swift */ = {isa = PBXFileReference; lastKnownFileType = sourcecode.swift; path = NavLinkButtonStyle.swift; sourceTree = "<group>"; };
		9D2A31772C6F5C8E005E36DE /* QuizScreen.swift */ = {isa = PBXFileReference; lastKnownFileType = sourcecode.swift; path = QuizScreen.swift; sourceTree = "<group>"; };
		9D2A31792C6F6110005E36DE /* FindPairScreen.swift */ = {isa = PBXFileReference; lastKnownFileType = sourcecode.swift; path = FindPairScreen.swift; sourceTree = "<group>"; };
		9D2C71C42C6642C800651745 /* RatingScreen.swift */ = {isa = PBXFileReference; lastKnownFileType = sourcecode.swift; path = RatingScreen.swift; sourceTree = "<group>"; };
		9D2C71C62C66432100651745 /* HistorycalLibraryScreen.swift */ = {isa = PBXFileReference; lastKnownFileType = sourcecode.swift; path = HistorycalLibraryScreen.swift; sourceTree = "<group>"; };
		9D2C71C82C6643A000651745 /* LastHistoryNewsScreen.swift */ = {isa = PBXFileReference; lastKnownFileType = sourcecode.swift; path = LastHistoryNewsScreen.swift; sourceTree = "<group>"; };
		9D2C71CA2C6644C900651745 /* AppleWatchConnectivityView.swift */ = {isa = PBXFileReference; lastKnownFileType = sourcecode.swift; path = AppleWatchConnectivityView.swift; sourceTree = "<group>"; };
		9D2C71CC2C66467A00651745 /* GameScreen.swift */ = {isa = PBXFileReference; lastKnownFileType = sourcecode.swift; path = GameScreen.swift; sourceTree = "<group>"; };
		9D2C71CE2C66495C00651745 /* AffermationView.swift */ = {isa = PBXFileReference; lastKnownFileType = sourcecode.swift; path = AffermationView.swift; sourceTree = "<group>"; };
		9D2C71D02C6649D500651745 /* ARScreen.swift */ = {isa = PBXFileReference; lastKnownFileType = sourcecode.swift; path = ARScreen.swift; sourceTree = "<group>"; };
		9D2C71D22C66625400651745 /* NavigationBarModifier.swift */ = {isa = PBXFileReference; lastKnownFileType = sourcecode.swift; path = NavigationBarModifier.swift; sourceTree = "<group>"; };
		9D2C71D62C66A52500651745 /* Bosel-Mausoleum.usdz */ = {isa = PBXFileReference; lastKnownFileType = file.usdz; path = "Bosel-Mausoleum.usdz"; sourceTree = "<group>"; };
		9D2C71D82C6764AB00651745 /* gramophone.usdz */ = {isa = PBXFileReference; lastKnownFileType = file.usdz; path = gramophone.usdz; sourceTree = "<group>"; };
		9D6DE38E2C6B58FC00DFC26B /* StartGameScreen.swift */ = {isa = PBXFileReference; lastKnownFileType = sourcecode.swift; path = StartGameScreen.swift; sourceTree = "<group>"; };
		9D6DE3922C6B803E00DFC26B /* Preloader.json */ = {isa = PBXFileReference; fileEncoding = 4; lastKnownFileType = text.json; path = Preloader.json; sourceTree = "<group>"; };
		9D6DE3942C6B836D00DFC26B /* ArenaScreen.swift */ = {isa = PBXFileReference; lastKnownFileType = sourcecode.swift; path = ArenaScreen.swift; sourceTree = "<group>"; };
		9D6F72D82C6A494700C35EDE /* UserProfileScreen.swift */ = {isa = PBXFileReference; lastKnownFileType = sourcecode.swift; path = UserProfileScreen.swift; sourceTree = "<group>"; };
		9D76E0802C6F19A4004527B3 /* CheckAnimationBTN.swift */ = {isa = PBXFileReference; lastKnownFileType = sourcecode.swift; path = CheckAnimationBTN.swift; sourceTree = "<group>"; };
		9D77AE3D2C6AB98500B99DEE /* BlueBackgroundAnimatedGradient.swift */ = {isa = PBXFileReference; lastKnownFileType = sourcecode.swift; path = BlueBackgroundAnimatedGradient.swift; sourceTree = "<group>"; };
		9D7DCEC72C6E84BF005FE5D5 /* QuizView.swift */ = {isa = PBXFileReference; lastKnownFileType = sourcecode.swift; path = QuizView.swift; sourceTree = "<group>"; };
		9DE881D92C6CDFD700BCBF88 /* GameNewsScreen.swift */ = {isa = PBXFileReference; lastKnownFileType = sourcecode.swift; path = GameNewsScreen.swift; sourceTree = "<group>"; };
/* End PBXFileReference section */

/* Begin PBXFrameworksBuildPhase section */
		9D07CB1A2C624FB500DAA2AA /* Frameworks */ = {
			isa = PBXFrameworksBuildPhase;
			buildActionMask = 2147483647;
			files = (
				9D77AE3C2C6AB95800B99DEE /* MulticolorGradient in Frameworks */,
				9D07CB322C62511B00DAA2AA /* Lottie in Frameworks */,
			);
			runOnlyForDeploymentPostprocessing = 0;
		};
/* End PBXFrameworksBuildPhase section */

/* Begin PBXGroup section */
		9D07CB142C624FB500DAA2AA = {
			isa = PBXGroup;
			children = (
				9D07CB1F2C624FB500DAA2AA /* EdTechStorypoints */,
				9D07CB1E2C624FB500DAA2AA /* Products */,
			);
			sourceTree = "<group>";
		};
		9D07CB1E2C624FB500DAA2AA /* Products */ = {
			isa = PBXGroup;
			children = (
				9D07CB1D2C624FB500DAA2AA /* EdTechStorypoints.app */,
			);
			name = Products;
			sourceTree = "<group>";
		};
		9D07CB1F2C624FB500DAA2AA /* EdTechStorypoints */ = {
			isa = PBXGroup;
			children = (
				9D3AA6362C6D1AE5001517C7 /* StoryModule */,
				9DE881DB2C6CDFDC00BCBF88 /* InactiveScreens */,
				9D6DE3922C6B803E00DFC26B /* Preloader.json */,
				9D2C71D82C6764AB00651745 /* gramophone.usdz */,
				9D07CB202C624FB500DAA2AA /* EdTechStorypointsApp.swift */,
				9D07CB222C624FB500DAA2AA /* RootTabBar.swift */,
				9D2C71CC2C66467A00651745 /* GameScreen.swift */,
				9D2C71D22C66625400651745 /* NavigationBarModifier.swift */,
				9D2C71C32C6642BC00651745 /* RatingScreen */,
				9D07CB392C62DE2000DAA2AA /* Onboarding */,
				9D07CB242C624FB700DAA2AA /* Assets.xcassets */,
				9D2C71D62C66A52500651745 /* Bosel-Mausoleum.usdz */,
				9D07CB262C624FB700DAA2AA /* Preview Content */,
				9D07CB2E2C62510100DAA2AA /* PreloaderScreen.swift */,
				9D07CB332C62513800DAA2AA /* LottieView.swift */,
				9D2C71C62C66432100651745 /* HistorycalLibraryScreen.swift */,
				9D2C71CA2C6644C900651745 /* AppleWatchConnectivityView.swift */,
				9D2C71D02C6649D500651745 /* ARScreen.swift */,
				9D6F72D82C6A494700C35EDE /* UserProfileScreen.swift */,
				9D77AE3D2C6AB98500B99DEE /* BlueBackgroundAnimatedGradient.swift */,
				9D6DE3942C6B836D00DFC26B /* ArenaScreen.swift */,
				9DE881D92C6CDFD700BCBF88 /* GameNewsScreen.swift */,
			);
			path = EdTechStorypoints;
			sourceTree = "<group>";
		};
		9D07CB262C624FB700DAA2AA /* Preview Content */ = {
			isa = PBXGroup;
			children = (
				9D07CB272C624FB700DAA2AA /* Preview Assets.xcassets */,
			);
			path = "Preview Content";
			sourceTree = "<group>";
		};
		9D07CB392C62DE2000DAA2AA /* Onboarding */ = {
			isa = PBXGroup;
			children = (
				9D07CB3C2C636D4700DAA2AA /* NavLinkButtonStyle.swift */,
				9D07CB372C625A7E00DAA2AA /* OnboardingView.swift */,
				9D07CB3A2C62DE3B00DAA2AA /* OnboardingScreenTwo.swift */,
			);
			path = Onboarding;
			sourceTree = "<group>";
		};
		9D2A31762C6F5C50005E36DE /* QuizModule */ = {
			isa = PBXGroup;
			children = (
				9D7DCEC72C6E84BF005FE5D5 /* QuizView.swift */,
				9D2A31772C6F5C8E005E36DE /* QuizScreen.swift */,
			);
			path = QuizModule;
			sourceTree = "<group>";
		};
		9D2A317B2C6F615F005E36DE /* FindPairScreen */ = {
			isa = PBXGroup;
			children = (
				9D2A31792C6F6110005E36DE /* FindPairScreen.swift */,
			);
			path = FindPairScreen;
			sourceTree = "<group>";
		};
		9D2C71C32C6642BC00651745 /* RatingScreen */ = {
			isa = PBXGroup;
			children = (
				9D2C71C42C6642C800651745 /* RatingScreen.swift */,
			);
			path = RatingScreen;
			sourceTree = "<group>";
		};
		9D3AA6362C6D1AE5001517C7 /* StoryModule */ = {
			isa = PBXGroup;
			children = (
				9D3AA6372C6D1AFA001517C7 /* StoryGameScreen */,
			);
			path = StoryModule;
			sourceTree = "<group>";
		};
		9D3AA6372C6D1AFA001517C7 /* StoryGameScreen */ = {
			isa = PBXGroup;
			children = (
				9D2A31762C6F5C50005E36DE /* QuizModule */,
				9D2A317B2C6F615F005E36DE /* FindPairScreen */,
				9D76E0802C6F19A4004527B3 /* CheckAnimationBTN.swift */,
				9D6DE38E2C6B58FC00DFC26B /* StartGameScreen.swift */,
			);
			path = StoryGameScreen;
			sourceTree = "<group>";
		};
		9DE881DB2C6CDFDC00BCBF88 /* InactiveScreens */ = {
			isa = PBXGroup;
			children = (
				9D2C71CE2C66495C00651745 /* AffermationView.swift */,
				9D2C71C82C6643A000651745 /* LastHistoryNewsScreen.swift */,
			);
			path = InactiveScreens;
			sourceTree = "<group>";
		};
/* End PBXGroup section */

/* Begin PBXNativeTarget section */
		9D07CB1C2C624FB500DAA2AA /* EdTechStorypoints */ = {
			isa = PBXNativeTarget;
			buildConfigurationList = 9D07CB2B2C624FB700DAA2AA /* Build configuration list for PBXNativeTarget "EdTechStorypoints" */;
			buildPhases = (
				9D07CB192C624FB500DAA2AA /* Sources */,
				9D07CB1A2C624FB500DAA2AA /* Frameworks */,
				9D07CB1B2C624FB500DAA2AA /* Resources */,
			);
			buildRules = (
			);
			dependencies = (
			);
			name = EdTechStorypoints;
			packageProductDependencies = (
				9D07CB312C62511B00DAA2AA /* Lottie */,
				9D77AE3B2C6AB95800B99DEE /* MulticolorGradient */,
			);
			productName = EdTechStorypoints;
			productReference = 9D07CB1D2C624FB500DAA2AA /* EdTechStorypoints.app */;
			productType = "com.apple.product-type.application";
		};
/* End PBXNativeTarget section */

/* Begin PBXProject section */
		9D07CB152C624FB500DAA2AA /* Project object */ = {
			isa = PBXProject;
			attributes = {
				BuildIndependentTargetsInParallel = 1;
				LastSwiftUpdateCheck = 1530;
				LastUpgradeCheck = 1530;
				TargetAttributes = {
					9D07CB1C2C624FB500DAA2AA = {
						CreatedOnToolsVersion = 15.3;
					};
				};
			};
			buildConfigurationList = 9D07CB182C624FB500DAA2AA /* Build configuration list for PBXProject "EdTechStorypoints" */;
			compatibilityVersion = "Xcode 14.0";
			developmentRegion = en;
			hasScannedForEncodings = 0;
			knownRegions = (
				en,
				Base,
			);
			mainGroup = 9D07CB142C624FB500DAA2AA;
			packageReferences = (
				9D07CB302C62511B00DAA2AA /* XCRemoteSwiftPackageReference "lottie-ios" */,
				9D77AE3A2C6AB95800B99DEE /* XCRemoteSwiftPackageReference "SwiftUI-MulticolorGradient" */,
			);
			productRefGroup = 9D07CB1E2C624FB500DAA2AA /* Products */;
			projectDirPath = "";
			projectRoot = "";
			targets = (
				9D07CB1C2C624FB500DAA2AA /* EdTechStorypoints */,
			);
		};
/* End PBXProject section */

/* Begin PBXResourcesBuildPhase section */
		9D07CB1B2C624FB500DAA2AA /* Resources */ = {
			isa = PBXResourcesBuildPhase;
			buildActionMask = 2147483647;
			files = (
				9D07CB282C624FB700DAA2AA /* Preview Assets.xcassets in Resources */,
				9D07CB252C624FB700DAA2AA /* Assets.xcassets in Resources */,
				9D2C71D72C66A52500651745 /* Bosel-Mausoleum.usdz in Resources */,
				9D2C71D92C6764AB00651745 /* gramophone.usdz in Resources */,
				9D6DE3932C6B803E00DFC26B /* Preloader.json in Resources */,
			);
			runOnlyForDeploymentPostprocessing = 0;
		};
/* End PBXResourcesBuildPhase section */

/* Begin PBXSourcesBuildPhase section */
		9D07CB192C624FB500DAA2AA /* Sources */ = {
			isa = PBXSourcesBuildPhase;
			buildActionMask = 2147483647;
			files = (
				9D6DE38F2C6B58FC00DFC26B /* StartGameScreen.swift in Sources */,
				9D07CB232C624FB500DAA2AA /* RootTabBar.swift in Sources */,
				9D2C71CD2C66467A00651745 /* GameScreen.swift in Sources */,
				9D6F72D92C6A494700C35EDE /* UserProfileScreen.swift in Sources */,
				9D77AE3E2C6AB98500B99DEE /* BlueBackgroundAnimatedGradient.swift in Sources */,
				9D76E0812C6F19A4004527B3 /* CheckAnimationBTN.swift in Sources */,
				9D07CB3B2C62DE3B00DAA2AA /* OnboardingScreenTwo.swift in Sources */,
				9D2C71C52C6642C800651745 /* RatingScreen.swift in Sources */,
				9D2C71D12C6649D500651745 /* ARScreen.swift in Sources */,
				9D2C71D32C66625400651745 /* NavigationBarModifier.swift in Sources */,
				9D07CB2F2C62510100DAA2AA /* PreloaderScreen.swift in Sources */,
				9DE881DA2C6CDFD700BCBF88 /* GameNewsScreen.swift in Sources */,
				9D2A317A2C6F6110005E36DE /* FindPairScreen.swift in Sources */,
				9D07CB3D2C636D4700DAA2AA /* NavLinkButtonStyle.swift in Sources */,
				9D2C71C92C6643A000651745 /* LastHistoryNewsScreen.swift in Sources */,
				9D07CB212C624FB500DAA2AA /* EdTechStorypointsApp.swift in Sources */,
				9D2A31782C6F5C8E005E36DE /* QuizScreen.swift in Sources */,
				9D07CB382C625A7E00DAA2AA /* OnboardingView.swift in Sources */,
				9D2C71CB2C6644C900651745 /* AppleWatchConnectivityView.swift in Sources */,
				9D2C71CF2C66495C00651745 /* AffermationView.swift in Sources */,
				9D2C71C72C66432100651745 /* HistorycalLibraryScreen.swift in Sources */,
				9D7DCEC82C6E84BF005FE5D5 /* QuizView.swift in Sources */,
				9D6DE3952C6B836D00DFC26B /* ArenaScreen.swift in Sources */,
				9D07CB342C62513800DAA2AA /* LottieView.swift in Sources */,
			);
			runOnlyForDeploymentPostprocessing = 0;
		};
/* End PBXSourcesBuildPhase section */

/* Begin XCBuildConfiguration section */
		9D07CB292C624FB700DAA2AA /* Debug */ = {
			isa = XCBuildConfiguration;
			buildSettings = {
				ALWAYS_SEARCH_USER_PATHS = NO;
				ASSETCATALOG_COMPILER_GENERATE_SWIFT_ASSET_SYMBOL_EXTENSIONS = YES;
				CLANG_ANALYZER_NONNULL = YES;
				CLANG_ANALYZER_NUMBER_OBJECT_CONVERSION = YES_AGGRESSIVE;
				CLANG_CXX_LANGUAGE_STANDARD = "gnu++20";
				CLANG_ENABLE_MODULES = YES;
				CLANG_ENABLE_OBJC_ARC = YES;
				CLANG_ENABLE_OBJC_WEAK = YES;
				CLANG_WARN_BLOCK_CAPTURE_AUTORELEASING = YES;
				CLANG_WARN_BOOL_CONVERSION = YES;
				CLANG_WARN_COMMA = YES;
				CLANG_WARN_CONSTANT_CONVERSION = YES;
				CLANG_WARN_DEPRECATED_OBJC_IMPLEMENTATIONS = YES;
				CLANG_WARN_DIRECT_OBJC_ISA_USAGE = YES_ERROR;
				CLANG_WARN_DOCUMENTATION_COMMENTS = YES;
				CLANG_WARN_EMPTY_BODY = YES;
				CLANG_WARN_ENUM_CONVERSION = YES;
				CLANG_WARN_INFINITE_RECURSION = YES;
				CLANG_WARN_INT_CONVERSION = YES;
				CLANG_WARN_NON_LITERAL_NULL_CONVERSION = YES;
				CLANG_WARN_OBJC_IMPLICIT_RETAIN_SELF = YES;
				CLANG_WARN_OBJC_LITERAL_CONVERSION = YES;
				CLANG_WARN_OBJC_ROOT_CLASS = YES_ERROR;
				CLANG_WARN_QUOTED_INCLUDE_IN_FRAMEWORK_HEADER = YES;
				CLANG_WARN_RANGE_LOOP_ANALYSIS = YES;
				CLANG_WARN_STRICT_PROTOTYPES = YES;
				CLANG_WARN_SUSPICIOUS_MOVE = YES;
				CLANG_WARN_UNGUARDED_AVAILABILITY = YES_AGGRESSIVE;
				CLANG_WARN_UNREACHABLE_CODE = YES;
				CLANG_WARN__DUPLICATE_METHOD_MATCH = YES;
				COPY_PHASE_STRIP = NO;
				DEBUG_INFORMATION_FORMAT = dwarf;
				ENABLE_STRICT_OBJC_MSGSEND = YES;
				ENABLE_TESTABILITY = YES;
				ENABLE_USER_SCRIPT_SANDBOXING = YES;
				GCC_C_LANGUAGE_STANDARD = gnu17;
				GCC_DYNAMIC_NO_PIC = NO;
				GCC_NO_COMMON_BLOCKS = YES;
				GCC_OPTIMIZATION_LEVEL = 0;
				GCC_PREPROCESSOR_DEFINITIONS = (
					"DEBUG=1",
					"$(inherited)",
				);
				GCC_WARN_64_TO_32_BIT_CONVERSION = YES;
				GCC_WARN_ABOUT_RETURN_TYPE = YES_ERROR;
				GCC_WARN_UNDECLARED_SELECTOR = YES;
				GCC_WARN_UNINITIALIZED_AUTOS = YES_AGGRESSIVE;
				GCC_WARN_UNUSED_FUNCTION = YES;
				GCC_WARN_UNUSED_VARIABLE = YES;
				IPHONEOS_DEPLOYMENT_TARGET = 17.4;
				LOCALIZATION_PREFERS_STRING_CATALOGS = YES;
				MTL_ENABLE_DEBUG_INFO = INCLUDE_SOURCE;
				MTL_FAST_MATH = YES;
				ONLY_ACTIVE_ARCH = YES;
				SDKROOT = iphoneos;
				SWIFT_ACTIVE_COMPILATION_CONDITIONS = "DEBUG $(inherited)";
				SWIFT_OPTIMIZATION_LEVEL = "-Onone";
			};
			name = Debug;
		};
		9D07CB2A2C624FB700DAA2AA /* Release */ = {
			isa = XCBuildConfiguration;
			buildSettings = {
				ALWAYS_SEARCH_USER_PATHS = NO;
				ASSETCATALOG_COMPILER_GENERATE_SWIFT_ASSET_SYMBOL_EXTENSIONS = YES;
				CLANG_ANALYZER_NONNULL = YES;
				CLANG_ANALYZER_NUMBER_OBJECT_CONVERSION = YES_AGGRESSIVE;
				CLANG_CXX_LANGUAGE_STANDARD = "gnu++20";
				CLANG_ENABLE_MODULES = YES;
				CLANG_ENABLE_OBJC_ARC = YES;
				CLANG_ENABLE_OBJC_WEAK = YES;
				CLANG_WARN_BLOCK_CAPTURE_AUTORELEASING = YES;
				CLANG_WARN_BOOL_CONVERSION = YES;
				CLANG_WARN_COMMA = YES;
				CLANG_WARN_CONSTANT_CONVERSION = YES;
				CLANG_WARN_DEPRECATED_OBJC_IMPLEMENTATIONS = YES;
				CLANG_WARN_DIRECT_OBJC_ISA_USAGE = YES_ERROR;
				CLANG_WARN_DOCUMENTATION_COMMENTS = YES;
				CLANG_WARN_EMPTY_BODY = YES;
				CLANG_WARN_ENUM_CONVERSION = YES;
				CLANG_WARN_INFINITE_RECURSION = YES;
				CLANG_WARN_INT_CONVERSION = YES;
				CLANG_WARN_NON_LITERAL_NULL_CONVERSION = YES;
				CLANG_WARN_OBJC_IMPLICIT_RETAIN_SELF = YES;
				CLANG_WARN_OBJC_LITERAL_CONVERSION = YES;
				CLANG_WARN_OBJC_ROOT_CLASS = YES_ERROR;
				CLANG_WARN_QUOTED_INCLUDE_IN_FRAMEWORK_HEADER = YES;
				CLANG_WARN_RANGE_LOOP_ANALYSIS = YES;
				CLANG_WARN_STRICT_PROTOTYPES = YES;
				CLANG_WARN_SUSPICIOUS_MOVE = YES;
				CLANG_WARN_UNGUARDED_AVAILABILITY = YES_AGGRESSIVE;
				CLANG_WARN_UNREACHABLE_CODE = YES;
				CLANG_WARN__DUPLICATE_METHOD_MATCH = YES;
				COPY_PHASE_STRIP = NO;
				DEBUG_INFORMATION_FORMAT = "dwarf-with-dsym";
				ENABLE_NS_ASSERTIONS = NO;
				ENABLE_STRICT_OBJC_MSGSEND = YES;
				ENABLE_USER_SCRIPT_SANDBOXING = YES;
				GCC_C_LANGUAGE_STANDARD = gnu17;
				GCC_NO_COMMON_BLOCKS = YES;
				GCC_WARN_64_TO_32_BIT_CONVERSION = YES;
				GCC_WARN_ABOUT_RETURN_TYPE = YES_ERROR;
				GCC_WARN_UNDECLARED_SELECTOR = YES;
				GCC_WARN_UNINITIALIZED_AUTOS = YES_AGGRESSIVE;
				GCC_WARN_UNUSED_FUNCTION = YES;
				GCC_WARN_UNUSED_VARIABLE = YES;
				IPHONEOS_DEPLOYMENT_TARGET = 17.4;
				LOCALIZATION_PREFERS_STRING_CATALOGS = YES;
				MTL_ENABLE_DEBUG_INFO = NO;
				MTL_FAST_MATH = YES;
				SDKROOT = iphoneos;
				SWIFT_COMPILATION_MODE = wholemodule;
				VALIDATE_PRODUCT = YES;
			};
			name = Release;
		};
		9D07CB2C2C624FB700DAA2AA /* Debug */ = {
			isa = XCBuildConfiguration;
			buildSettings = {
				ASSETCATALOG_COMPILER_APPICON_NAME = AppIcon;
				ASSETCATALOG_COMPILER_GLOBAL_ACCENT_COLOR_NAME = AccentColor;
				CODE_SIGN_IDENTITY = "Apple Development";
				CODE_SIGN_STYLE = Automatic;
				CURRENT_PROJECT_VERSION = 1;
				DEVELOPMENT_ASSET_PATHS = "\"EdTechStorypoints/Preview Content\"";
				DEVELOPMENT_TEAM = 7P6F9U3TUM;
				ENABLE_PREVIEWS = YES;
				GENERATE_INFOPLIST_FILE = YES;
				INFOPLIST_KEY_LSApplicationCategoryType = "public.app-category.education";
				INFOPLIST_KEY_NSCameraUsageDescription = "This is required to display AR content";
				INFOPLIST_KEY_UIApplicationSceneManifest_Generation = YES;
				INFOPLIST_KEY_UIApplicationSupportsIndirectInputEvents = YES;
				INFOPLIST_KEY_UILaunchScreen_Generation = YES;
				INFOPLIST_KEY_UIStatusBarStyle = "";
				INFOPLIST_KEY_UISupportedInterfaceOrientations = UIInterfaceOrientationPortrait;
				IPHONEOS_DEPLOYMENT_TARGET = 17.0;
				LD_RUNPATH_SEARCH_PATHS = (
					"$(inherited)",
					"@executable_path/Frameworks",
				);
				MARKETING_VERSION = 1.0;
				PRODUCT_BUNDLE_IDENTIFIER = com.maksymlakhman.EdTechStorypoints;
				PRODUCT_NAME = "$(TARGET_NAME)";
				PROVISIONING_PROFILE_SPECIFIER = "";
				SWIFT_EMIT_LOC_STRINGS = YES;
				SWIFT_VERSION = 5.0;
				TARGETED_DEVICE_FAMILY = "1,2";
			};
			name = Debug;
		};
		9D07CB2D2C624FB700DAA2AA /* Release */ = {
			isa = XCBuildConfiguration;
			buildSettings = {
				ASSETCATALOG_COMPILER_APPICON_NAME = AppIcon;
				ASSETCATALOG_COMPILER_GLOBAL_ACCENT_COLOR_NAME = AccentColor;
				CODE_SIGN_IDENTITY = "Apple Development";
				CODE_SIGN_STYLE = Automatic;
				CURRENT_PROJECT_VERSION = 1;
				DEVELOPMENT_ASSET_PATHS = "\"EdTechStorypoints/Preview Content\"";
				DEVELOPMENT_TEAM = 7P6F9U3TUM;
				ENABLE_PREVIEWS = YES;
				GENERATE_INFOPLIST_FILE = YES;
				INFOPLIST_KEY_LSApplicationCategoryType = "public.app-category.education";
				INFOPLIST_KEY_NSCameraUsageDescription = "This is required to display AR content";
				INFOPLIST_KEY_UIApplicationSceneManifest_Generation = YES;
				INFOPLIST_KEY_UIApplicationSupportsIndirectInputEvents = YES;
				INFOPLIST_KEY_UILaunchScreen_Generation = YES;
				INFOPLIST_KEY_UIStatusBarStyle = "";
				INFOPLIST_KEY_UISupportedInterfaceOrientations = UIInterfaceOrientationPortrait;
				IPHONEOS_DEPLOYMENT_TARGET = 17.0;
				LD_RUNPATH_SEARCH_PATHS = (
					"$(inherited)",
					"@executable_path/Frameworks",
				);
				MARKETING_VERSION = 1.0;
				PRODUCT_BUNDLE_IDENTIFIER = com.maksymlakhman.EdTechStorypoints;
				PRODUCT_NAME = "$(TARGET_NAME)";
				PROVISIONING_PROFILE_SPECIFIER = "";
				SWIFT_EMIT_LOC_STRINGS = YES;
				SWIFT_VERSION = 5.0;
				TARGETED_DEVICE_FAMILY = "1,2";
			};
			name = Release;
		};
/* End XCBuildConfiguration section */

/* Begin XCConfigurationList section */
		9D07CB182C624FB500DAA2AA /* Build configuration list for PBXProject "EdTechStorypoints" */ = {
			isa = XCConfigurationList;
			buildConfigurations = (
				9D07CB292C624FB700DAA2AA /* Debug */,
				9D07CB2A2C624FB700DAA2AA /* Release */,
			);
			defaultConfigurationIsVisible = 0;
			defaultConfigurationName = Release;
		};
		9D07CB2B2C624FB700DAA2AA /* Build configuration list for PBXNativeTarget "EdTechStorypoints" */ = {
			isa = XCConfigurationList;
			buildConfigurations = (
				9D07CB2C2C624FB700DAA2AA /* Debug */,
				9D07CB2D2C624FB700DAA2AA /* Release */,
			);
			defaultConfigurationIsVisible = 0;
			defaultConfigurationName = Release;
		};
/* End XCConfigurationList section */

/* Begin XCRemoteSwiftPackageReference section */
		9D07CB302C62511B00DAA2AA /* XCRemoteSwiftPackageReference "lottie-ios" */ = {
			isa = XCRemoteSwiftPackageReference;
			repositoryURL = "https://github.com/airbnb/lottie-ios";
			requirement = {
				kind = upToNextMajorVersion;
				minimumVersion = 4.5.0;
			};
		};
		9D77AE3A2C6AB95800B99DEE /* XCRemoteSwiftPackageReference "SwiftUI-MulticolorGradient" */ = {
			isa = XCRemoteSwiftPackageReference;
			repositoryURL = "https://github.com/ArthurGuibert/SwiftUI-MulticolorGradient.git";
			requirement = {
				branch = main;
				kind = branch;
			};
		};
/* End XCRemoteSwiftPackageReference section */

/* Begin XCSwiftPackageProductDependency section */
		9D07CB312C62511B00DAA2AA /* Lottie */ = {
			isa = XCSwiftPackageProductDependency;
			package = 9D07CB302C62511B00DAA2AA /* XCRemoteSwiftPackageReference "lottie-ios" */;
			productName = Lottie;
		};
		9D77AE3B2C6AB95800B99DEE /* MulticolorGradient */ = {
			isa = XCSwiftPackageProductDependency;
			package = 9D77AE3A2C6AB95800B99DEE /* XCRemoteSwiftPackageReference "SwiftUI-MulticolorGradient" */;
			productName = MulticolorGradient;
		};
/* End XCSwiftPackageProductDependency section */
	};
	rootObject = 9D07CB152C624FB500DAA2AA /* Project object */;
}
